
Microsoft Visual Studio Solution File, Format Version 12.00
# Visual Studio 15
VisualStudioVersion = 15.0.26228.12
MinimumVisualStudioVersion = 10.0.40219.1
Project("{2150E333-8FDC-42A3-9474-1A3956D46DE8}") = "src", "src", "{50FE9F0E-0F81-4C05-8E65-686F97D5C37B}"
EndProject
Project("{2150E333-8FDC-42A3-9474-1A3956D46DE8}") = "test", "test", "{46B77DA7-6DAA-4263-B6DB-B60F973CB278}"
EndProject
Project("{FAE04EC0-301F-11D3-BF4B-00C04F79EFBC}") = "WebClient.Hosting", "src\WebClient.Hosting\WebClient.Hosting.csproj", "{FEF4A159-363C-4356-8747-EB188353302F}"
EndProject
Project("{9A19103F-16F7-4668-BE54-9A1E7A4F7556}") = "NetStandard.Contracts", "src\NetStandard.Contracts\NetStandard.Contracts.csproj", "{02B91B27-4BF7-4951-B47A-BE720C12D642}"
EndProject
Project("{FAE04EC0-301F-11D3-BF4B-00C04F79EFBC}") = "Discovery.Hosting", "src\Discovery.Hosting\Discovery.Hosting.csproj", "{5471E366-6889-4FEB-AA88-81901E6780BA}"
EndProject
Global
	GlobalSection(SolutionConfigurationPlatforms) = preSolution
		Debug|Any CPU = Debug|Any CPU
		Release|Any CPU = Release|Any CPU
	EndGlobalSection
	GlobalSection(ProjectConfigurationPlatforms) = postSolution
		{FEF4A159-363C-4356-8747-EB188353302F}.Debug|Any CPU.ActiveCfg = Debug|Any CPU
		{FEF4A159-363C-4356-8747-EB188353302F}.Debug|Any CPU.Build.0 = Debug|Any CPU
		{FEF4A159-363C-4356-8747-EB188353302F}.Release|Any CPU.ActiveCfg = Release|Any CPU
		{FEF4A159-363C-4356-8747-EB188353302F}.Release|Any CPU.Build.0 = Release|Any CPU
		{02B91B27-4BF7-4951-B47A-BE720C12D642}.Debug|Any CPU.ActiveCfg = Debug|Any CPU
		{02B91B27-4BF7-4951-B47A-BE720C12D642}.Debug|Any CPU.Build.0 = Debug|Any CPU
		{02B91B27-4BF7-4951-B47A-BE720C12D642}.Release|Any CPU.ActiveCfg = Release|Any CPU
		{02B91B27-4BF7-4951-B47A-BE720C12D642}.Release|Any CPU.Build.0 = Release|Any CPU
		{5471E366-6889-4FEB-AA88-81901E6780BA}.Debug|Any CPU.ActiveCfg = Debug|Any CPU
		{5471E366-6889-4FEB-AA88-81901E6780BA}.Debug|Any CPU.Build.0 = Debug|Any CPU
		{5471E366-6889-4FEB-AA88-81901E6780BA}.Release|Any CPU.ActiveCfg = Release|Any CPU
		{5471E366-6889-4FEB-AA88-81901E6780BA}.Release|Any CPU.Build.0 = Release|Any CPU
	EndGlobalSection
	GlobalSection(SolutionProperties) = preSolution
		HideSolutionNode = FALSE
	EndGlobalSection
	GlobalSection(NestedProjects) = preSolution
		{FEF4A159-363C-4356-8747-EB188353302F} = {50FE9F0E-0F81-4C05-8E65-686F97D5C37B}
		{02B91B27-4BF7-4951-B47A-BE720C12D642} = {50FE9F0E-0F81-4C05-8E65-686F97D5C37B}
		{5471E366-6889-4FEB-AA88-81901E6780BA} = {50FE9F0E-0F81-4C05-8E65-686F97D5C37B}
	EndGlobalSection
EndGlobal
